
Microsoft Visual Studio Solution File, Format Version 12.00
# Visual Studio Version 17
VisualStudioVersion = 17.1.32210.238
MinimumVisualStudioVersion = 10.0.40219.1
Project("{FAE04EC0-301F-11D3-BF4B-00C04F79EFBC}") = "MyProject", "MyProject\MyProject.csproj", "{4F4D9AC2-173E-494A-ADC3-D3401760C886}"
EndProject
Project("{FAE04EC0-301F-11D3-BF4B-00C04F79EFBC}") = "MyProjectXunit", "MyProjectXunit\MyProjectXunit.csproj", "{85C59331-6C92-48CD-910F-F360E5BBC996}"
EndProject
Global
	GlobalSection(SolutionConfigurationPlatforms) = preSolution
		Debug|Any CPU = Debug|Any CPU
		Release|Any CPU = Release|Any CPU
	EndGlobalSection
	GlobalSection(ProjectConfigurationPlatforms) = postSolution
		{4F4D9AC2-173E-494A-ADC3-D3401760C886}.Debug|Any CPU.ActiveCfg = Debug|Any CPU
		{4F4D9AC2-173E-494A-ADC3-D3401760C886}.Debug|Any CPU.Build.0 = Debug|Any CPU
		{4F4D9AC2-173E-494A-ADC3-D3401760C886}.Release|Any CPU.ActiveCfg = Release|Any CPU
		{4F4D9AC2-173E-494A-ADC3-D3401760C886}.Release|Any CPU.Build.0 = Release|Any CPU
		{85C59331-6C92-48CD-910F-F360E5BBC996}.Debug|Any CPU.ActiveCfg = Debug|Any CPU
		{85C59331-6C92-48CD-910F-F360E5BBC996}.Debug|Any CPU.Build.0 = Debug|Any CPU
		{85C59331-6C92-48CD-910F-F360E5BBC996}.Release|Any CPU.ActiveCfg = Release|Any CPU
		{85C59331-6C92-48CD-910F-F360E5BBC996}.Release|Any CPU.Build.0 = Release|Any CPU
	EndGlobalSection
	GlobalSection(SolutionProperties) = preSolution
		HideSolutionNode = FALSE
	EndGlobalSection
	GlobalSection(ExtensibilityGlobals) = postSolution
		SolutionGuid = {A1590C86-6EA9-4623-8D5B-771B50697FAA}
	EndGlobalSection
EndGlobal
